{
  "name": "apple-version-history",
  "version": "1.6.86",
  "lockfileVersion": 3,
  "requires": true,
  "packages": {
    "": {
      "name": "apple-version-history",
      "version": "1.6.86",
      "license": "ISC",
      "devDependencies": {
        "@types/node": "^26.6.3",
        "node-test-mocha-reporter": "^1.0.0",
        "typescript": "^5.0.3"
      }
    },
    "node_modules/@types/node": {
      "version": "26.6.3",
      "resolved": "https://registry.npmjs.org/@types/node/-/node-26.6.3.tgz",
      "integrity": "sha512-dsqMQQoeTLqu9wynDD00q573mNzso3IdQOAfHRJqLCcmCFPoGo9A1bDpUcv/9tnKpErQWv9uKeGfl37EIS02Yg==",
      "dev": true,
      "license": "MIT",
      "dependencies": {
        "undici-types": "~8.9.0"
      }
    },
    "node_modules/node-test-mocha-reporter": {
      "version": "1.0.1",
      "resolved": "https://registry.npmjs.org/node-test-mocha-reporter/-/node-test-mocha-reporter-1.0.1.tgz",
      "integrity": "sha512-fmSf30pzbHQKrBu0t6lFS7tGD928BXX+fkLP3lcqgasyCybYc/Ki7ks8a4wDDPDWydGgC+t24n4fM13l+MYtDQ==",
      "dev": true,
      "license": "MIT",
      "engines": {
        "node": ">=22"
      }
    },
    "node_modules/typescript": {
      "version": "5.9.3",
      "resolved": "https://registry.npmjs.org/typescript/-/typescript-5.9.3.tgz",
      "integrity": "sha512-jl1vZzPDinLr9eUt3J/t7V6FgNEw9QjvBPdysz9KfQDD41fQrC2Y4vKQdiaUpFT4bXlb1RHhLpp8wtm6M5TgSw==",
      "dev": true,
      "license": "Apache-2.0",
      "bin": {
        "tsc": "bin/tsc",
        "tsserver": "bin/tsserver"
      },
      "engines": {
        "node": ">=14.17"
      }
    },
    "node_modules/undici-types": {
      "version": "8.9.0",
      "resolved": "https://registry.npmjs.org/undici-types/-/undici-types-8.9.0.tgz",
      "integrity": "sha512-KTDyRTYX8sWmKXAikPHHSyc63CRPETMctyjKFupcC6OBLXT3xsN0e9aF7m+mIXutFWpUXuedtowG7iLOzp0kQg==",
      "dev": true,
      "license": "MIT"
    }
  }
}
