{
  "name": "apple-version-history",
  "version": "1.0.0",
  "lockfileVersion": 1,
  "requires": true,
  "dependencies": {
    "@types/node": {
      "version": "8.10.20",
      "resolved": "https://registry.npmjs.org/@types/node/-/node-8.10.20.tgz",
      "integrity": "sha512-M7x8+5D1k/CuA6jhiwuSCmE8sbUWJF0wYsjcig9WrXvwUI5ArEoUBdOXpV4JcEMrLp02/QbDjw+kI+vQeKyQgg==",
      "dev": true
    },
    "typescript": {
      "version": "2.9.2",
      "resolved": "https://registry.npmjs.org/typescript/-/typescript-2.9.2.tgz",
      "integrity": "sha512-Gr4p6nFNaoufRIY4NMdpQRNmgxVIGMs4Fcu/ujdYk3nAZqk7supzBE9idmvfZIlH/Cuj//dvi+019qEue9lV0w==",
      "dev": true
    }
  }
}
